
Microsoft Visual Studio Solution File, Format Version 12.00
# Visual Studio 14
VisualStudioVersion = 14.0.25420.1
MinimumVisualStudioVersion = 10.0.40219.1
Project("{FAE04EC0-301F-11D3-BF4B-00C04F79EFBC}") = "WorkingHours.Model", "WorkingHours.Model\WorkingHours.Model.csproj", "{A18D8C55-6A0D-4B48-A040-7BCF392BE5AB}"
EndProject
Project("{FAE04EC0-301F-11D3-BF4B-00C04F79EFBC}") = "WorkingHours.Bll", "WorkingHours.Bll\WorkingHours.Bll.csproj", "{C7C3BA28-0AEE-4B0F-AE49-150A1403C0B2}"
EndProject
Project("{FAE04EC0-301F-11D3-BF4B-00C04F79EFBC}") = "WorkingHours.Web", "WorkingHours.Web\WorkingHours.Web.csproj", "{7F9D3845-D6C6-43EA-AC74-F09F02FA0440}"
EndProject
Project("{FAE04EC0-301F-11D3-BF4B-00C04F79EFBC}") = "WorkingHours.Client", "WorkingHours.Client\WorkingHours.Client.csproj", "{6378CA4F-9C91-42C2-BA96-FA69FAC9A5ED}"
EndProject
Project("{FAE04EC0-301F-11D3-BF4B-00C04F79EFBC}") = "WorkingHours.Desktop", "WorkingHours.Desktop\WorkingHours.Desktop.csproj", "{FEBC4EBB-0AF2-45C9-8ABB-EE695285E619}"
EndProject
Project("{FAE04EC0-301F-11D3-BF4B-00C04F79EFBC}") = "WorkingHours.ClientTest", "WorkingHours.ClientTest\WorkingHours.ClientTest.csproj", "{F7A54FEA-E104-4A70-A16B-E58503758CAA}"
EndProject
Project("{FAE04EC0-301F-11D3-BF4B-00C04F79EFBC}") = "WorkingHours.Shared", "WorkingHours.Shared\WorkingHours.Shared.csproj", "{481A1468-A254-4A08-9E16-FF396F895555}"
EndProject
Project("{FAE04EC0-301F-11D3-BF4B-00C04F79EFBC}") = "WorkingHours.WebClient", "WorkingHours.WebClient\WorkingHours.WebClient.csproj", "{CF75204B-A539-424E-A6BC-CC0FB84FF6C6}"
EndProject
Global
	GlobalSection(SolutionConfigurationPlatforms) = preSolution
		Debug|Any CPU = Debug|Any CPU
		Release|Any CPU = Release|Any CPU
	EndGlobalSection
	GlobalSection(ProjectConfigurationPlatforms) = postSolution
		{A18D8C55-6A0D-4B48-A040-7BCF392BE5AB}.Debug|Any CPU.ActiveCfg = Debug|Any CPU
		{A18D8C55-6A0D-4B48-A040-7BCF392BE5AB}.Debug|Any CPU.Build.0 = Debug|Any CPU
		{A18D8C55-6A0D-4B48-A040-7BCF392BE5AB}.Release|Any CPU.ActiveCfg = Release|Any CPU
		{A18D8C55-6A0D-4B48-A040-7BCF392BE5AB}.Release|Any CPU.Build.0 = Release|Any CPU
		{C7C3BA28-0AEE-4B0F-AE49-150A1403C0B2}.Debug|Any CPU.ActiveCfg = Debug|Any CPU
		{C7C3BA28-0AEE-4B0F-AE49-150A1403C0B2}.Debug|Any CPU.Build.0 = Debug|Any CPU
		{C7C3BA28-0AEE-4B0F-AE49-150A1403C0B2}.Release|Any CPU.ActiveCfg = Release|Any CPU
		{C7C3BA28-0AEE-4B0F-AE49-150A1403C0B2}.Release|Any CPU.Build.0 = Release|Any CPU
		{7F9D3845-D6C6-43EA-AC74-F09F02FA0440}.Debug|Any CPU.ActiveCfg = Debug|Any CPU
		{7F9D3845-D6C6-43EA-AC74-F09F02FA0440}.Debug|Any CPU.Build.0 = Debug|Any CPU
		{7F9D3845-D6C6-43EA-AC74-F09F02FA0440}.Release|Any CPU.ActiveCfg = Release|Any CPU
		{7F9D3845-D6C6-43EA-AC74-F09F02FA0440}.Release|Any CPU.Build.0 = Release|Any CPU
		{6378CA4F-9C91-42C2-BA96-FA69FAC9A5ED}.Debug|Any CPU.ActiveCfg = Debug|Any CPU
		{6378CA4F-9C91-42C2-BA96-FA69FAC9A5ED}.Debug|Any CPU.Build.0 = Debug|Any CPU
		{6378CA4F-9C91-42C2-BA96-FA69FAC9A5ED}.Release|Any CPU.ActiveCfg = Release|Any CPU
		{6378CA4F-9C91-42C2-BA96-FA69FAC9A5ED}.Release|Any CPU.Build.0 = Release|Any CPU
		{FEBC4EBB-0AF2-45C9-8ABB-EE695285E619}.Debug|Any CPU.ActiveCfg = Debug|Any CPU
		{FEBC4EBB-0AF2-45C9-8ABB-EE695285E619}.Debug|Any CPU.Build.0 = Debug|Any CPU
		{FEBC4EBB-0AF2-45C9-8ABB-EE695285E619}.Release|Any CPU.ActiveCfg = Release|Any CPU
		{FEBC4EBB-0AF2-45C9-8ABB-EE695285E619}.Release|Any CPU.Build.0 = Release|Any CPU
		{F7A54FEA-E104-4A70-A16B-E58503758CAA}.Debug|Any CPU.ActiveCfg = Debug|Any CPU
		{F7A54FEA-E104-4A70-A16B-E58503758CAA}.Debug|Any CPU.Build.0 = Debug|Any CPU
		{F7A54FEA-E104-4A70-A16B-E58503758CAA}.Release|Any CPU.ActiveCfg = Release|Any CPU
		{F7A54FEA-E104-4A70-A16B-E58503758CAA}.Release|Any CPU.Build.0 = Release|Any CPU
		{481A1468-A254-4A08-9E16-FF396F895555}.Debug|Any CPU.ActiveCfg = Debug|Any CPU
		{481A1468-A254-4A08-9E16-FF396F895555}.Debug|Any CPU.Build.0 = Debug|Any CPU
		{481A1468-A254-4A08-9E16-FF396F895555}.Release|Any CPU.ActiveCfg = Release|Any CPU
		{481A1468-A254-4A08-9E16-FF396F895555}.Release|Any CPU.Build.0 = Release|Any CPU
		{CF75204B-A539-424E-A6BC-CC0FB84FF6C6}.Debug|Any CPU.ActiveCfg = Debug|Any CPU
		{CF75204B-A539-424E-A6BC-CC0FB84FF6C6}.Debug|Any CPU.Build.0 = Debug|Any CPU
		{CF75204B-A539-424E-A6BC-CC0FB84FF6C6}.Release|Any CPU.ActiveCfg = Release|Any CPU
		{CF75204B-A539-424E-A6BC-CC0FB84FF6C6}.Release|Any CPU.Build.0 = Release|Any CPU
	EndGlobalSection
	GlobalSection(SolutionProperties) = preSolution
		HideSolutionNode = FALSE
	EndGlobalSection
EndGlobal
